// !$*UTF8*$!
{
	archiveVersion = 1;
	classes = {
	};
	objectVersion = 56;
	objects = {

/* Begin PBXBuildFile section */
		F13C35282BEB540600E7CB15 /* ChatJournalAppApp.swift in Sources */ = {isa = PBXBuildFile; fileRef = F13C35272BEB540600E7CB15 /* ChatJournalAppApp.swift */; };
		F13C352A2BEB540600E7CB15 /* ContentView.swift in Sources */ = {isa = PBXBuildFile; fileRef = F13C35292BEB540600E7CB15 /* ContentView.swift */; };
		F13C352C2BEB540900E7CB15 /* Assets.xcassets in Resources */ = {isa = PBXBuildFile; fileRef = F13C352B2BEB540900E7CB15 /* Assets.xcassets */; };
		F13C352F2BEB540900E7CB15 /* Preview Assets.xcassets in Resources */ = {isa = PBXBuildFile; fileRef = F13C352E2BEB540900E7CB15 /* Preview Assets.xcassets */; };
		F13C35362BEB549A00E7CB15 /* GenerativeAI-Info.plist in Resources */ = {isa = PBXBuildFile; fileRef = F13C35352BEB549A00E7CB15 /* GenerativeAI-Info.plist */; };
		F13C35382BEB561C00E7CB15 /* APIKey.swift in Sources */ = {isa = PBXBuildFile; fileRef = F13C35372BEB561C00E7CB15 /* APIKey.swift */; };
		F13C353B2BEB578400E7CB15 /* GoogleGenerativeAI in Frameworks */ = {isa = PBXBuildFile; productRef = F13C353A2BEB578400E7CB15 /* GoogleGenerativeAI */; };
		F13C35412BEB5E6D00E7CB15 /* ChatView.swift in Sources */ = {isa = PBXBuildFile; fileRef = F13C35402BEB5E6D00E7CB15 /* ChatView.swift */; };
		F13C35432BEB646C00E7CB15 /* DiaryEntryDetailView.swift in Sources */ = {isa = PBXBuildFile; fileRef = F13C35422BEB646C00E7CB15 /* DiaryEntryDetailView.swift */; };
		F13C35452BED176A00E7CB15 /* ChatMessage.swift in Sources */ = {isa = PBXBuildFile; fileRef = F13C35442BED176A00E7CB15 /* ChatMessage.swift */; };
		F13C35492BEDDA4500E7CB15 /* TestView.swift in Sources */ = {isa = PBXBuildFile; fileRef = F13C35482BEDDA4500E7CB15 /* TestView.swift */; };
		F13C354B2BEDE4EB00E7CB15 /* Test2.swift in Sources */ = {isa = PBXBuildFile; fileRef = F13C354A2BEDE4EB00E7CB15 /* Test2.swift */; };
		F13C354D2BEE63CF00E7CB15 /* TestView2.swift in Sources */ = {isa = PBXBuildFile; fileRef = F13C354C2BEE63CF00E7CB15 /* TestView2.swift */; };
		F13C35512BEFD16900E7CB15 /* Journal.swift in Sources */ = {isa = PBXBuildFile; fileRef = F13C35502BEFD16900E7CB15 /* Journal.swift */; };
		F14697772BF32E1F0064A618 /* OpenAIKit in Frameworks */ = {isa = PBXBuildFile; productRef = F14697762BF32E1F0064A618 /* OpenAIKit */; };
/* End PBXBuildFile section */

/* Begin PBXFileReference section */
		F13C35242BEB540600E7CB15 /* ChatJournalApp.app */ = {isa = PBXFileReference; explicitFileType = wrapper.application; includeInIndex = 0; path = ChatJournalApp.app; sourceTree = BUILT_PRODUCTS_DIR; };
		F13C35272BEB540600E7CB15 /* ChatJournalAppApp.swift */ = {isa = PBXFileReference; lastKnownFileType = sourcecode.swift; path = ChatJournalAppApp.swift; sourceTree = "<group>"; };
		F13C35292BEB540600E7CB15 /* ContentView.swift */ = {isa = PBXFileReference; lastKnownFileType = sourcecode.swift; path = ContentView.swift; sourceTree = "<group>"; };
		F13C352B2BEB540900E7CB15 /* Assets.xcassets */ = {isa = PBXFileReference; lastKnownFileType = folder.assetcatalog; path = Assets.xcassets; sourceTree = "<group>"; };
		F13C352E2BEB540900E7CB15 /* Preview Assets.xcassets */ = {isa = PBXFileReference; lastKnownFileType = folder.assetcatalog; path = "Preview Assets.xcassets"; sourceTree = "<group>"; };
		F13C35352BEB549A00E7CB15 /* GenerativeAI-Info.plist */ = {isa = PBXFileReference; lastKnownFileType = text.plist.xml; path = "GenerativeAI-Info.plist"; sourceTree = "<group>"; };
		F13C35372BEB561C00E7CB15 /* APIKey.swift */ = {isa = PBXFileReference; lastKnownFileType = sourcecode.swift; path = APIKey.swift; sourceTree = "<group>"; };
		F13C35402BEB5E6D00E7CB15 /* ChatView.swift */ = {isa = PBXFileReference; lastKnownFileType = sourcecode.swift; path = ChatView.swift; sourceTree = "<group>"; };
		F13C35422BEB646C00E7CB15 /* DiaryEntryDetailView.swift */ = {isa = PBXFileReference; lastKnownFileType = sourcecode.swift; path = DiaryEntryDetailView.swift; sourceTree = "<group>"; };
		F13C35442BED176A00E7CB15 /* ChatMessage.swift */ = {isa = PBXFileReference; lastKnownFileType = sourcecode.swift; path = ChatMessage.swift; sourceTree = "<group>"; };
		F13C35482BEDDA4500E7CB15 /* TestView.swift */ = {isa = PBXFileReference; lastKnownFileType = sourcecode.swift; path = TestView.swift; sourceTree = "<group>"; };
		F13C354A2BEDE4EB00E7CB15 /* Test2.swift */ = {isa = PBXFileReference; lastKnownFileType = sourcecode.swift; path = Test2.swift; sourceTree = "<group>"; };
		F13C354C2BEE63CF00E7CB15 /* TestView2.swift */ = {isa = PBXFileReference; lastKnownFileType = sourcecode.swift; path = TestView2.swift; sourceTree = "<group>"; };
		F13C35502BEFD16900E7CB15 /* Journal.swift */ = {isa = PBXFileReference; lastKnownFileType = sourcecode.swift; path = Journal.swift; sourceTree = "<group>"; };
/* End PBXFileReference section */

/* Begin PBXFrameworksBuildPhase section */
		F13C35212BEB540600E7CB15 /* Frameworks */ = {
			isa = PBXFrameworksBuildPhase;
			buildActionMask = 2147483647;
			files = (
				F13C353B2BEB578400E7CB15 /* GoogleGenerativeAI in Frameworks */,
				F14697772BF32E1F0064A618 /* OpenAIKit in Frameworks */,
			);
			runOnlyForDeploymentPostprocessing = 0;
		};
/* End PBXFrameworksBuildPhase section */

/* Begin PBXGroup section */
		F13C351B2BEB540600E7CB15 = {
			isa = PBXGroup;
			children = (
				F13C35262BEB540600E7CB15 /* ChatJournalApp */,
				F13C35252BEB540600E7CB15 /* Products */,
			);
			sourceTree = "<group>";
		};
		F13C35252BEB540600E7CB15 /* Products */ = {
			isa = PBXGroup;
			children = (
				F13C35242BEB540600E7CB15 /* ChatJournalApp.app */,
			);
			name = Products;
			sourceTree = "<group>";
		};
		F13C35262BEB540600E7CB15 /* ChatJournalApp */ = {
			isa = PBXGroup;
			children = (
				F13C35272BEB540600E7CB15 /* ChatJournalAppApp.swift */,
				F13C35522BEFDAF200E7CB15 /* Test */,
				F13C353E2BEB5E3900E7CB15 /* Views */,
				F13C353F2BEB5E4600E7CB15 /* ViewModels */,
				F13C353C2BEB5E2500E7CB15 /* Models */,
				F13C35372BEB561C00E7CB15 /* APIKey.swift */,
				F13C352B2BEB540900E7CB15 /* Assets.xcassets */,
				F13C352D2BEB540900E7CB15 /* Preview Content */,
				F13C35352BEB549A00E7CB15 /* GenerativeAI-Info.plist */,
			);
			path = ChatJournalApp;
			sourceTree = "<group>";
		};
		F13C352D2BEB540900E7CB15 /* Preview Content */ = {
			isa = PBXGroup;
			children = (
				F13C352E2BEB540900E7CB15 /* Preview Assets.xcassets */,
			);
			path = "Preview Content";
			sourceTree = "<group>";
		};
		F13C353C2BEB5E2500E7CB15 /* Models */ = {
			isa = PBXGroup;
			children = (
				F13C35442BED176A00E7CB15 /* ChatMessage.swift */,
				F13C35502BEFD16900E7CB15 /* Journal.swift */,
			);
			path = Models;
			sourceTree = "<group>";
		};
		F13C353E2BEB5E3900E7CB15 /* Views */ = {
			isa = PBXGroup;
			children = (
				F13C35292BEB540600E7CB15 /* ContentView.swift */,
				F13C35402BEB5E6D00E7CB15 /* ChatView.swift */,
				F13C35422BEB646C00E7CB15 /* DiaryEntryDetailView.swift */,
			);
			path = Views;
			sourceTree = "<group>";
		};
		F13C353F2BEB5E4600E7CB15 /* ViewModels */ = {
			isa = PBXGroup;
			children = (
			);
			path = ViewModels;
			sourceTree = "<group>";
		};
		F13C35522BEFDAF200E7CB15 /* Test */ = {
			isa = PBXGroup;
			children = (
				F13C354A2BEDE4EB00E7CB15 /* Test2.swift */,
				F13C354C2BEE63CF00E7CB15 /* TestView2.swift */,
				F13C35482BEDDA4500E7CB15 /* TestView.swift */,
			);
			path = Test;
			sourceTree = "<group>";
		};
/* End PBXGroup section */

/* Begin PBXNativeTarget section */
		F13C35232BEB540600E7CB15 /* ChatJournalApp */ = {
			isa = PBXNativeTarget;
			buildConfigurationList = F13C35322BEB540900E7CB15 /* Build configuration list for PBXNativeTarget "ChatJournalApp" */;
			buildPhases = (
				F13C35202BEB540600E7CB15 /* Sources */,
				F13C35212BEB540600E7CB15 /* Frameworks */,
				F13C35222BEB540600E7CB15 /* Resources */,
			);
			buildRules = (
			);
			dependencies = (
			);
			name = ChatJournalApp;
			packageProductDependencies = (
				F13C353A2BEB578400E7CB15 /* GoogleGenerativeAI */,
				F14697762BF32E1F0064A618 /* OpenAIKit */,
			);
			productName = ChatJournalApp;
			productReference = F13C35242BEB540600E7CB15 /* ChatJournalApp.app */;
			productType = "com.apple.product-type.application";
		};
/* End PBXNativeTarget section */

/* Begin PBXProject section */
		F13C351C2BEB540600E7CB15 /* Project object */ = {
			isa = PBXProject;
			attributes = {
				BuildIndependentTargetsInParallel = 1;
				LastSwiftUpdateCheck = 1530;
				LastUpgradeCheck = 1530;
				TargetAttributes = {
					F13C35232BEB540600E7CB15 = {
						CreatedOnToolsVersion = 15.3;
					};
				};
			};
			buildConfigurationList = F13C351F2BEB540600E7CB15 /* Build configuration list for PBXProject "ChatJournalApp" */;
			compatibilityVersion = "Xcode 14.0";
			developmentRegion = en;
			hasScannedForEncodings = 0;
			knownRegions = (
				en,
				Base,
			);
			mainGroup = F13C351B2BEB540600E7CB15;
			packageReferences = (
				F13C35392BEB578400E7CB15 /* XCRemoteSwiftPackageReference "generative-ai-swift" */,
				F14697752BF32E1F0064A618 /* XCRemoteSwiftPackageReference "OpenAIKit" */,
			);
			productRefGroup = F13C35252BEB540600E7CB15 /* Products */;
			projectDirPath = "";
			projectRoot = "";
			targets = (
				F13C35232BEB540600E7CB15 /* ChatJournalApp */,
			);
		};
/* End PBXProject section */

/* Begin PBXResourcesBuildPhase section */
		F13C35222BEB540600E7CB15 /* Resources */ = {
			isa = PBXResourcesBuildPhase;
			buildActionMask = 2147483647;
			files = (
				F13C352F2BEB540900E7CB15 /* Preview Assets.xcassets in Resources */,
				F13C352C2BEB540900E7CB15 /* Assets.xcassets in Resources */,
				F13C35362BEB549A00E7CB15 /* GenerativeAI-Info.plist in Resources */,
			);
			runOnlyForDeploymentPostprocessing = 0;
		};
/* End PBXResourcesBuildPhase section */

/* Begin PBXSourcesBuildPhase section */
		F13C35202BEB540600E7CB15 /* Sources */ = {
			isa = PBXSourcesBuildPhase;
			buildActionMask = 2147483647;
			files = (
				F13C354B2BEDE4EB00E7CB15 /* Test2.swift in Sources */,
				F13C35512BEFD16900E7CB15 /* Journal.swift in Sources */,
				F13C35492BEDDA4500E7CB15 /* TestView.swift in Sources */,
				F13C35412BEB5E6D00E7CB15 /* ChatView.swift in Sources */,
				F13C35432BEB646C00E7CB15 /* DiaryEntryDetailView.swift in Sources */,
				F13C352A2BEB540600E7CB15 /* ContentView.swift in Sources */,
				F13C35452BED176A00E7CB15 /* ChatMessage.swift in Sources */,
				F13C35382BEB561C00E7CB15 /* APIKey.swift in Sources */,
				F13C35282BEB540600E7CB15 /* ChatJournalAppApp.swift in Sources */,
				F13C354D2BEE63CF00E7CB15 /* TestView2.swift in Sources */,
			);
			runOnlyForDeploymentPostprocessing = 0;
		};
/* End PBXSourcesBuildPhase section */

/* Begin XCBuildConfiguration section */
		F13C35302BEB540900E7CB15 /* Debug */ = {
			isa = XCBuildConfiguration;
			buildSettings = {
				ALWAYS_SEARCH_USER_PATHS = NO;
				ASSETCATALOG_COMPILER_GENERATE_SWIFT_ASSET_SYMBOL_EXTENSIONS = YES;
				CLANG_ANALYZER_NONNULL = YES;
				CLANG_ANALYZER_NUMBER_OBJECT_CONVERSION = YES_AGGRESSIVE;
				CLANG_CXX_LANGUAGE_STANDARD = "gnu++20";
				CLANG_ENABLE_MODULES = YES;
				CLANG_ENABLE_OBJC_ARC = YES;
				CLANG_ENABLE_OBJC_WEAK = YES;
				CLANG_WARN_BLOCK_CAPTURE_AUTORELEASING = YES;
				CLANG_WARN_BOOL_CONVERSION = YES;
				CLANG_WARN_COMMA = YES;
				CLANG_WARN_CONSTANT_CONVERSION = YES;
				CLANG_WARN_DEPRECATED_OBJC_IMPLEMENTATIONS = YES;
				CLANG_WARN_DIRECT_OBJC_ISA_USAGE = YES_ERROR;
				CLANG_WARN_DOCUMENTATION_COMMENTS = YES;
				CLANG_WARN_EMPTY_BODY = YES;
				CLANG_WARN_ENUM_CONVERSION = YES;
				CLANG_WARN_INFINITE_RECURSION = YES;
				CLANG_WARN_INT_CONVERSION = YES;
				CLANG_WARN_NON_LITERAL_NULL_CONVERSION = YES;
				CLANG_WARN_OBJC_IMPLICIT_RETAIN_SELF = YES;
				CLANG_WARN_OBJC_LITERAL_CONVERSION = YES;
				CLANG_WARN_OBJC_ROOT_CLASS = YES_ERROR;
				CLANG_WARN_QUOTED_INCLUDE_IN_FRAMEWORK_HEADER = YES;
				CLANG_WARN_RANGE_LOOP_ANALYSIS = YES;
				CLANG_WARN_STRICT_PROTOTYPES = YES;
				CLANG_WARN_SUSPICIOUS_MOVE = YES;
				CLANG_WARN_UNGUARDED_AVAILABILITY = YES_AGGRESSIVE;
				CLANG_WARN_UNREACHABLE_CODE = YES;
				CLANG_WARN__DUPLICATE_METHOD_MATCH = YES;
				COPY_PHASE_STRIP = NO;
				DEBUG_INFORMATION_FORMAT = dwarf;
				ENABLE_STRICT_OBJC_MSGSEND = YES;
				ENABLE_TESTABILITY = YES;
				ENABLE_USER_SCRIPT_SANDBOXING = YES;
				GCC_C_LANGUAGE_STANDARD = gnu17;
				GCC_DYNAMIC_NO_PIC = NO;
				GCC_NO_COMMON_BLOCKS = YES;
				GCC_OPTIMIZATION_LEVEL = 0;
				GCC_PREPROCESSOR_DEFINITIONS = (
					"DEBUG=1",
					"$(inherited)",
				);
				GCC_WARN_64_TO_32_BIT_CONVERSION = YES;
				GCC_WARN_ABOUT_RETURN_TYPE = YES_ERROR;
				GCC_WARN_UNDECLARED_SELECTOR = YES;
				GCC_WARN_UNINITIALIZED_AUTOS = YES_AGGRESSIVE;
				GCC_WARN_UNUSED_FUNCTION = YES;
				GCC_WARN_UNUSED_VARIABLE = YES;
				IPHONEOS_DEPLOYMENT_TARGET = 17.4;
				LOCALIZATION_PREFERS_STRING_CATALOGS = YES;
				MTL_ENABLE_DEBUG_INFO = INCLUDE_SOURCE;
				MTL_FAST_MATH = YES;
				ONLY_ACTIVE_ARCH = YES;
				SDKROOT = iphoneos;
				SWIFT_ACTIVE_COMPILATION_CONDITIONS = "DEBUG $(inherited)";
				SWIFT_OPTIMIZATION_LEVEL = "-Onone";
			};
			name = Debug;
		};
		F13C35312BEB540900E7CB15 /* Release */ = {
			isa = XCBuildConfiguration;
			buildSettings = {
				ALWAYS_SEARCH_USER_PATHS = NO;
				ASSETCATALOG_COMPILER_GENERATE_SWIFT_ASSET_SYMBOL_EXTENSIONS = YES;
				CLANG_ANALYZER_NONNULL = YES;
				CLANG_ANALYZER_NUMBER_OBJECT_CONVERSION = YES_AGGRESSIVE;
				CLANG_CXX_LANGUAGE_STANDARD = "gnu++20";
				CLANG_ENABLE_MODULES = YES;
				CLANG_ENABLE_OBJC_ARC = YES;
				CLANG_ENABLE_OBJC_WEAK = YES;
				CLANG_WARN_BLOCK_CAPTURE_AUTORELEASING = YES;
				CLANG_WARN_BOOL_CONVERSION = YES;
				CLANG_WARN_COMMA = YES;
				CLANG_WARN_CONSTANT_CONVERSION = YES;
				CLANG_WARN_DEPRECATED_OBJC_IMPLEMENTATIONS = YES;
				CLANG_WARN_DIRECT_OBJC_ISA_USAGE = YES_ERROR;
				CLANG_WARN_DOCUMENTATION_COMMENTS = YES;
				CLANG_WARN_EMPTY_BODY = YES;
				CLANG_WARN_ENUM_CONVERSION = YES;
				CLANG_WARN_INFINITE_RECURSION = YES;
				CLANG_WARN_INT_CONVERSION = YES;
				CLANG_WARN_NON_LITERAL_NULL_CONVERSION = YES;
				CLANG_WARN_OBJC_IMPLICIT_RETAIN_SELF = YES;
				CLANG_WARN_OBJC_LITERAL_CONVERSION = YES;
				CLANG_WARN_OBJC_ROOT_CLASS = YES_ERROR;
				CLANG_WARN_QUOTED_INCLUDE_IN_FRAMEWORK_HEADER = YES;
				CLANG_WARN_RANGE_LOOP_ANALYSIS = YES;
				CLANG_WARN_STRICT_PROTOTYPES = YES;
				CLANG_WARN_SUSPICIOUS_MOVE = YES;
				CLANG_WARN_UNGUARDED_AVAILABILITY = YES_AGGRESSIVE;
				CLANG_WARN_UNREACHABLE_CODE = YES;
				CLANG_WARN__DUPLICATE_METHOD_MATCH = YES;
				COPY_PHASE_STRIP = NO;
				DEBUG_INFORMATION_FORMAT = "dwarf-with-dsym";
				ENABLE_NS_ASSERTIONS = NO;
				ENABLE_STRICT_OBJC_MSGSEND = YES;
				ENABLE_USER_SCRIPT_SANDBOXING = YES;
				GCC_C_LANGUAGE_STANDARD = gnu17;
				GCC_NO_COMMON_BLOCKS = YES;
				GCC_WARN_64_TO_32_BIT_CONVERSION = YES;
				GCC_WARN_ABOUT_RETURN_TYPE = YES_ERROR;
				GCC_WARN_UNDECLARED_SELECTOR = YES;
				GCC_WARN_UNINITIALIZED_AUTOS = YES_AGGRESSIVE;
				GCC_WARN_UNUSED_FUNCTION = YES;
				GCC_WARN_UNUSED_VARIABLE = YES;
				IPHONEOS_DEPLOYMENT_TARGET = 17.4;
				LOCALIZATION_PREFERS_STRING_CATALOGS = YES;
				MTL_ENABLE_DEBUG_INFO = NO;
				MTL_FAST_MATH = YES;
				SDKROOT = iphoneos;
				SWIFT_COMPILATION_MODE = wholemodule;
				VALIDATE_PRODUCT = YES;
			};
			name = Release;
		};
		F13C35332BEB540900E7CB15 /* Debug */ = {
			isa = XCBuildConfiguration;
			buildSettings = {
				ASSETCATALOG_COMPILER_APPICON_NAME = AppIcon;
				ASSETCATALOG_COMPILER_GLOBAL_ACCENT_COLOR_NAME = AccentColor;
				CODE_SIGN_STYLE = Automatic;
				CURRENT_PROJECT_VERSION = 1;
				DEVELOPMENT_ASSET_PATHS = "\"ChatJournalApp/Preview Content\"";
				DEVELOPMENT_TEAM = G8U7LS5MT7;
				ENABLE_PREVIEWS = YES;
				GENERATE_INFOPLIST_FILE = YES;
				INFOPLIST_KEY_UIApplicationSceneManifest_Generation = YES;
				INFOPLIST_KEY_UIApplicationSupportsIndirectInputEvents = YES;
				INFOPLIST_KEY_UILaunchScreen_Generation = YES;
				INFOPLIST_KEY_UISupportedInterfaceOrientations_iPad = "UIInterfaceOrientationPortrait UIInterfaceOrientationPortraitUpsideDown UIInterfaceOrientationLandscapeLeft UIInterfaceOrientationLandscapeRight";
				INFOPLIST_KEY_UISupportedInterfaceOrientations_iPhone = "UIInterfaceOrientationPortrait UIInterfaceOrientationLandscapeLeft UIInterfaceOrientationLandscapeRight";
				LD_RUNPATH_SEARCH_PATHS = (
					"$(inherited)",
					"@executable_path/Frameworks",
				);
				MARKETING_VERSION = 1.0;
				PRODUCT_BUNDLE_IDENTIFIER = com.eieio.ChatJournalApp;
				PRODUCT_NAME = "$(TARGET_NAME)";
				SWIFT_EMIT_LOC_STRINGS = YES;
				SWIFT_VERSION = 5.0;
				TARGETED_DEVICE_FAMILY = "1,2";
			};
			name = Debug;
		};
		F13C35342BEB540900E7CB15 /* Release */ = {
			isa = XCBuildConfiguration;
			buildSettings = {
				ASSETCATALOG_COMPILER_APPICON_NAME = AppIcon;
				ASSETCATALOG_COMPILER_GLOBAL_ACCENT_COLOR_NAME = AccentColor;
				CODE_SIGN_STYLE = Automatic;
				CURRENT_PROJECT_VERSION = 1;
				DEVELOPMENT_ASSET_PATHS = "\"ChatJournalApp/Preview Content\"";
				DEVELOPMENT_TEAM = G8U7LS5MT7;
				ENABLE_PREVIEWS = YES;
				GENERATE_INFOPLIST_FILE = YES;
				INFOPLIST_KEY_UIApplicationSceneManifest_Generation = YES;
				INFOPLIST_KEY_UIApplicationSupportsIndirectInputEvents = YES;
				INFOPLIST_KEY_UILaunchScreen_Generation = YES;
				INFOPLIST_KEY_UISupportedInterfaceOrientations_iPad = "UIInterfaceOrientationPortrait UIInterfaceOrientationPortraitUpsideDown UIInterfaceOrientationLandscapeLeft UIInterfaceOrientationLandscapeRight";
				INFOPLIST_KEY_UISupportedInterfaceOrientations_iPhone = "UIInterfaceOrientationPortrait UIInterfaceOrientationLandscapeLeft UIInterfaceOrientationLandscapeRight";
				LD_RUNPATH_SEARCH_PATHS = (
					"$(inherited)",
					"@executable_path/Frameworks",
				);
				MARKETING_VERSION = 1.0;
				PRODUCT_BUNDLE_IDENTIFIER = com.eieio.ChatJournalApp;
				PRODUCT_NAME = "$(TARGET_NAME)";
				SWIFT_EMIT_LOC_STRINGS = YES;
				SWIFT_VERSION = 5.0;
				TARGETED_DEVICE_FAMILY = "1,2";
			};
			name = Release;
		};
/* End XCBuildConfiguration section */

/* Begin XCConfigurationList section */
		F13C351F2BEB540600E7CB15 /* Build configuration list for PBXProject "ChatJournalApp" */ = {
			isa = XCConfigurationList;
			buildConfigurations = (
				F13C35302BEB540900E7CB15 /* Debug */,
				F13C35312BEB540900E7CB15 /* Release */,
			);
			defaultConfigurationIsVisible = 0;
			defaultConfigurationName = Release;
		};
		F13C35322BEB540900E7CB15 /* Build configuration list for PBXNativeTarget "ChatJournalApp" */ = {
			isa = XCConfigurationList;
			buildConfigurations = (
				F13C35332BEB540900E7CB15 /* Debug */,
				F13C35342BEB540900E7CB15 /* Release */,
			);
			defaultConfigurationIsVisible = 0;
			defaultConfigurationName = Release;
		};
/* End XCConfigurationList section */

/* Begin XCRemoteSwiftPackageReference section */
		F13C35392BEB578400E7CB15 /* XCRemoteSwiftPackageReference "generative-ai-swift" */ = {
			isa = XCRemoteSwiftPackageReference;
			repositoryURL = "https://github.com/google/generative-ai-swift";
			requirement = {
				kind = upToNextMajorVersion;
				minimumVersion = 0.5.2;
			};
		};
		F14697752BF32E1F0064A618 /* XCRemoteSwiftPackageReference "OpenAIKit" */ = {
			isa = XCRemoteSwiftPackageReference;
			repositoryURL = "https://github.com/marcodotio/OpenAIKit";
			requirement = {
				kind = upToNextMajorVersion;
				minimumVersion = 2.0.1;
			};
		};
/* End XCRemoteSwiftPackageReference section */

/* Begin XCSwiftPackageProductDependency section */
		F13C353A2BEB578400E7CB15 /* GoogleGenerativeAI */ = {
			isa = XCSwiftPackageProductDependency;
			package = F13C35392BEB578400E7CB15 /* XCRemoteSwiftPackageReference "generative-ai-swift" */;
			productName = GoogleGenerativeAI;
		};
		F14697762BF32E1F0064A618 /* OpenAIKit */ = {
			isa = XCSwiftPackageProductDependency;
			package = F14697752BF32E1F0064A618 /* XCRemoteSwiftPackageReference "OpenAIKit" */;
			productName = OpenAIKit;
		};
/* End XCSwiftPackageProductDependency section */
	};
	rootObject = F13C351C2BEB540600E7CB15 /* Project object */;
}
